
Microsoft Visual Studio Solution File, Format Version 12.00
# Visual Studio Version 17
VisualStudioVersion = 17.0.32126.317
MinimumVisualStudioVersion = 10.0.40219.1
Project("{9A19103F-16F7-4668-BE54-9A1E7A4F7556}") = "MinorFactionMonitor", "MinorFactionMonitor\MinorFactionMonitor.csproj", "{09098D00-E8B7-4EF7-87A1-F50423454CB2}"
EndProject
Project("{FAE04EC0-301F-11D3-BF4B-00C04F79EFBC}") = "MinorFactionMonitor.Test", "MinorFactionMonitor.Test\MinorFactionMonitor.Test.csproj", "{E4A95DD0-B38C-42A5-A415-0F77A8152C7C}"
EndProject
Global
	GlobalSection(SolutionConfigurationPlatforms) = preSolution
		Debug|Any CPU = Debug|Any CPU
		Release|Any CPU = Release|Any CPU
	EndGlobalSection
	GlobalSection(ProjectConfigurationPlatforms) = postSolution
		{09098D00-E8B7-4EF7-87A1-F50423454CB2}.Debug|Any CPU.ActiveCfg = Debug|Any CPU
		{09098D00-E8B7-4EF7-87A1-F50423454CB2}.Debug|Any CPU.Build.0 = Debug|Any CPU
		{09098D00-E8B7-4EF7-87A1-F50423454CB2}.Release|Any CPU.ActiveCfg = Release|Any CPU
		{09098D00-E8B7-4EF7-87A1-F50423454CB2}.Release|Any CPU.Build.0 = Release|Any CPU
		{E4A95DD0-B38C-42A5-A415-0F77A8152C7C}.Debug|Any CPU.ActiveCfg = Debug|Any CPU
		{E4A95DD0-B38C-42A5-A415-0F77A8152C7C}.Debug|Any CPU.Build.0 = Debug|Any CPU
		{E4A95DD0-B38C-42A5-A415-0F77A8152C7C}.Release|Any CPU.ActiveCfg = Release|Any CPU
		{E4A95DD0-B38C-42A5-A415-0F77A8152C7C}.Release|Any CPU.Build.0 = Release|Any CPU
	EndGlobalSection
	GlobalSection(SolutionProperties) = preSolution
		HideSolutionNode = FALSE
	EndGlobalSection
	GlobalSection(ExtensibilityGlobals) = postSolution
		SolutionGuid = {3A3E09AF-7EA3-4A2F-A7FD-F7E48344DE0D}
	EndGlobalSection
EndGlobal
